# This file is automatically @generated by Cargo.
# It is not intended for manual editing.
version = 4

[[package]]
name = "neovm-core"
version = "0.1.0"
dependencies = [
 "neovm-host-abi",
]

[[package]]
name = "neovm-host-abi"
version = "0.1.0"

[[package]]
name = "neovm-worker"
version = "0.1.0"
dependencies = [
 "neovm-core",
 "neovm-host-abi",
]
